// !$*UTF8*$!
{
	archiveVersion = 1;
	classes = {
	};
	objectVersion = 56;
	objects = {

/* Begin PBXBuildFile section */
		9E2AD75E29BF01660075C38D /* Audio.swift in Sources */ = {isa = PBXBuildFile; fileRef = 9E2AD75D29BF01660075C38D /* Audio.swift */; };
		9E2AD76129BF21710075C38D /* UIView + extension.swift in Sources */ = {isa = PBXBuildFile; fileRef = 9E2AD76029BF21710075C38D /* UIView + extension.swift */; };
		9E2AD76329BF2E9C0075C38D /* String + extension.swift in Sources */ = {isa = PBXBuildFile; fileRef = 9E2AD76229BF2E9C0075C38D /* String + extension.swift */; };
		9EB2FBD729C1910700861ADA /* AppDelegate.swift in Sources */ = {isa = PBXBuildFile; fileRef = 9EB2FBD629C1910700861ADA /* AppDelegate.swift */; };
		9EB2FBD929C1910700861ADA /* SceneDelegate.swift in Sources */ = {isa = PBXBuildFile; fileRef = 9EB2FBD829C1910700861ADA /* SceneDelegate.swift */; };
		9EB2FBDB29C1910700861ADA /* TrackViewController.swift in Sources */ = {isa = PBXBuildFile; fileRef = 9EB2FBDA29C1910700861ADA /* TrackViewController.swift */; };
		9EB2FBDE29C1910700861ADA /* Main.storyboard in Resources */ = {isa = PBXBuildFile; fileRef = 9EB2FBDC29C1910700861ADA /* Main.storyboard */; };
		9EB2FBE029C1910700861ADA /* Assets.xcassets in Resources */ = {isa = PBXBuildFile; fileRef = 9EB2FBDF29C1910700861ADA /* Assets.xcassets */; };
		9EB2FBE329C1910700861ADA /* LaunchScreen.storyboard in Resources */ = {isa = PBXBuildFile; fileRef = 9EB2FBE129C1910700861ADA /* LaunchScreen.storyboard */; };
		9EB2FBED29C1910700861ADA /* The Rolling Stones - Paint It Black.mp3 in Resources */ = {isa = PBXBuildFile; fileRef = 9EB2FBEC29C1910700861ADA /* The Rolling Stones - Paint It Black.mp3 */; };
		9EB2FBEF29C1910700861ADA /* a-ha - Take On Me 2017 Acoustic.mp3 in Resources */ = {isa = PBXBuildFile; fileRef = 9EB2FBEE29C1910700861ADA /* a-ha - Take On Me 2017 Acoustic.mp3 */; };
		9EB2FBF129C1910700861ADA /* T. Rex - Get It On.mp3 in Resources */ = {isa = PBXBuildFile; fileRef = 9EB2FBF029C1910700861ADA /* T. Rex - Get It On.mp3 */; };
		9EB2FBF629C1910700861ADA /* PlayerViewController.swift in Sources */ = {isa = PBXBuildFile; fileRef = 9EB2FBF529C1910700861ADA /* PlayerViewController.swift */; };
		9EB2FBF829C1910700861ADA /* BaseView.swift in Sources */ = {isa = PBXBuildFile; fileRef = 9EB2FBF729C1910700861ADA /* BaseView.swift */; };
		9EB2FBFB29C1910700861ADA /* PlayerView.swift in Sources */ = {isa = PBXBuildFile; fileRef = 9EB2FBFA29C1910700861ADA /* PlayerView.swift */; };
		9EB2FBFE29C1910700861ADA /* Track.swift in Sources */ = {isa = PBXBuildFile; fileRef = 9EB2FBFD29C1910700861ADA /* Track.swift */; };
		9EB2FC0229C1910700861ADA /* .gitignore in Resources */ = {isa = PBXBuildFile; fileRef = 9EB2FC0129C1910700861ADA /* .gitignore */; };
/* End PBXBuildFile section */

/* Begin PBXFileReference section */
		9E2AD75D29BF01660075C38D /* Audio.swift */ = {isa = PBXFileReference; lastKnownFileType = sourcecode.swift; path = Audio.swift; sourceTree = "<group>"; };
		9E2AD76029BF21710075C38D /* UIView + extension.swift */ = {isa = PBXFileReference; lastKnownFileType = sourcecode.swift; path = "UIView + extension.swift"; sourceTree = "<group>"; };
		9E2AD76229BF2E9C0075C38D /* String + extension.swift */ = {isa = PBXFileReference; lastKnownFileType = sourcecode.swift; path = "String + extension.swift"; sourceTree = "<group>"; };
		9EB2FBD329C1910700861ADA /* iPlay (music player).app */ = {isa = PBXFileReference; explicitFileType = wrapper.application; includeInIndex = 0; path = "iPlay (music player).app"; sourceTree = BUILT_PRODUCTS_DIR; };
		9EB2FBD629C1910700861ADA /* AppDelegate.swift */ = {isa = PBXFileReference; lastKnownFileType = sourcecode.swift; path = AppDelegate.swift; sourceTree = "<group>"; };
		9EB2FBD829C1910700861ADA /* SceneDelegate.swift */ = {isa = PBXFileReference; lastKnownFileType = sourcecode.swift; path = SceneDelegate.swift; sourceTree = "<group>"; };
		9EB2FBDA29C1910700861ADA /* TrackViewController.swift */ = {isa = PBXFileReference; lastKnownFileType = sourcecode.swift; path = TrackViewController.swift; sourceTree = "<group>"; };
		9EB2FBDD29C1910700861ADA /* Base */ = {isa = PBXFileReference; lastKnownFileType = file.storyboard; name = Base; path = Base.lproj/Main.storyboard; sourceTree = "<group>"; };
		9EB2FBDF29C1910700861ADA /* Assets.xcassets */ = {isa = PBXFileReference; lastKnownFileType = folder.assetcatalog; path = Assets.xcassets; sourceTree = "<group>"; };
		9EB2FBE229C1910700861ADA /* Base */ = {isa = PBXFileReference; lastKnownFileType = file.storyboard; name = Base; path = Base.lproj/LaunchScreen.storyboard; sourceTree = "<group>"; };
		9EB2FBE429C1910700861ADA /* Info.plist */ = {isa = PBXFileReference; lastKnownFileType = text.plist.xml; path = Info.plist; sourceTree = "<group>"; };
		9EB2FBEC29C1910700861ADA /* The Rolling Stones - Paint It Black.mp3 */ = {isa = PBXFileReference; lastKnownFileType = audio.mp3; path = "The Rolling Stones - Paint It Black.mp3"; sourceTree = "<group>"; };
		9EB2FBEE29C1910700861ADA /* a-ha - Take On Me 2017 Acoustic.mp3 */ = {isa = PBXFileReference; lastKnownFileType = audio.mp3; path = "a-ha - Take On Me 2017 Acoustic.mp3"; sourceTree = "<group>"; };
		9EB2FBF029C1910700861ADA /* T. Rex - Get It On.mp3 */ = {isa = PBXFileReference; lastKnownFileType = audio.mp3; path = "T. Rex - Get It On.mp3"; sourceTree = "<group>"; };
		9EB2FBF529C1910700861ADA /* PlayerViewController.swift */ = {isa = PBXFileReference; lastKnownFileType = sourcecode.swift; path = PlayerViewController.swift; sourceTree = "<group>"; };
		9EB2FBF729C1910700861ADA /* BaseView.swift */ = {isa = PBXFileReference; lastKnownFileType = sourcecode.swift; path = BaseView.swift; sourceTree = "<group>"; };
		9EB2FBFA29C1910700861ADA /* PlayerView.swift */ = {isa = PBXFileReference; lastKnownFileType = sourcecode.swift; path = PlayerView.swift; sourceTree = "<group>"; };
		9EB2FBFD29C1910700861ADA /* Track.swift */ = {isa = PBXFileReference; lastKnownFileType = sourcecode.swift; path = Track.swift; sourceTree = "<group>"; };
		9EB2FC0029C1910700861ADA /* README.md */ = {isa = PBXFileReference; lastKnownFileType = net.daringfireball.markdown; path = README.md; sourceTree = "<group>"; };
		9EB2FC0129C1910700861ADA /* .gitignore */ = {isa = PBXFileReference; lastKnownFileType = text; path = .gitignore; sourceTree = "<group>"; };
/* End PBXFileReference section */

/* Begin PBXFrameworksBuildPhase section */
		9EB2FBD029C1910700861ADA /* Frameworks */ = {
			isa = PBXFrameworksBuildPhase;
			buildActionMask = 2147483647;
			files = (
			);
			runOnlyForDeploymentPostprocessing = 0;
		};
/* End PBXFrameworksBuildPhase section */

/* Begin PBXGroup section */
		9E2AD75C29BF015D0075C38D /* Audio */ = {
			isa = PBXGroup;
			children = (
				9E2AD75D29BF01660075C38D /* Audio.swift */,
			);
			path = Audio;
			sourceTree = "<group>";
		};
		9E2AD75F29BF21560075C38D /* Extensions */ = {
			isa = PBXGroup;
			children = (
				9E2AD76029BF21710075C38D /* UIView + extension.swift */,
				9E2AD76229BF2E9C0075C38D /* String + extension.swift */,
			);
			path = Extensions;
			sourceTree = "<group>";
		};
		9EB2FBCA29C1910700861ADA = {
			isa = PBXGroup;
			children = (
				9EB2FC0129C1910700861ADA /* .gitignore */,
				9EB2FC0029C1910700861ADA /* README.md */,
				9EB2FBD529C1910700861ADA /* iPlay (music player) */,
				9EB2FBD429C1910700861ADA /* Products */,
			);
			sourceTree = "<group>";
		};
		9EB2FBD429C1910700861ADA /* Products */ = {
			isa = PBXGroup;
			children = (
				9EB2FBD329C1910700861ADA /* iPlay (music player).app */,
			);
			name = Products;
			sourceTree = "<group>";
		};
		9EB2FBD529C1910700861ADA /* iPlay (music player) */ = {
			isa = PBXGroup;
			children = (
				9EB2FBEC29C1910700861ADA /* The Rolling Stones - Paint It Black.mp3 */,
				9EB2FBEE29C1910700861ADA /* a-ha - Take On Me 2017 Acoustic.mp3 */,
				9EB2FBF029C1910700861ADA /* T. Rex - Get It On.mp3 */,
				9EB2FBEA29C1910700861ADA /* App */,
				9E2AD75F29BF21560075C38D /* Extensions */,
				9EB2FBF229C1910700861ADA /* MVC */,
				9EB2FBEB29C1910700861ADA /* Storyboards */,
				9EB2FBDF29C1910700861ADA /* Assets.xcassets */,
				9EB2FBE429C1910700861ADA /* Info.plist */,
			);
			path = "iPlay (music player)";
			sourceTree = "<group>";
		};
		9EB2FBEA29C1910700861ADA /* App */ = {
			isa = PBXGroup;
			children = (
				9EB2FBD629C1910700861ADA /* AppDelegate.swift */,
				9EB2FBD829C1910700861ADA /* SceneDelegate.swift */,
			);
			path = App;
			sourceTree = "<group>";
		};
		9EB2FBEB29C1910700861ADA /* Storyboards */ = {
			isa = PBXGroup;
			children = (
				9EB2FBDC29C1910700861ADA /* Main.storyboard */,
				9EB2FBE129C1910700861ADA /* LaunchScreen.storyboard */,
			);
			path = Storyboards;
			sourceTree = "<group>";
		};
		9EB2FBF229C1910700861ADA /* MVC */ = {
			isa = PBXGroup;
			children = (
				9E2AD75C29BF015D0075C38D /* Audio */,
				9EB2FBFC29C1910700861ADA /* Model */,
				9EB2FBFF29C1910700861ADA /* View */,
				9EB2FBF329C1910700861ADA /* Track */,
				9EB2FBF429C1910700861ADA /* Player */,
			);
			path = MVC;
			sourceTree = "<group>";
		};
		9EB2FBF329C1910700861ADA /* Track */ = {
			isa = PBXGroup;
			children = (
				9EB2FBDA29C1910700861ADA /* TrackViewController.swift */,
			);
			path = Track;
			sourceTree = "<group>";
		};
		9EB2FBF429C1910700861ADA /* Player */ = {
			isa = PBXGroup;
			children = (
				9EB2FBF929C1910700861ADA /* Views */,
				9EB2FBF529C1910700861ADA /* PlayerViewController.swift */,
			);
			path = Player;
			sourceTree = "<group>";
		};
		9EB2FBF929C1910700861ADA /* Views */ = {
			isa = PBXGroup;
			children = (
				9EB2FBFA29C1910700861ADA /* PlayerView.swift */,
			);
			path = Views;
			sourceTree = "<group>";
		};
		9EB2FBFC29C1910700861ADA /* Model */ = {
			isa = PBXGroup;
			children = (
				9EB2FBFD29C1910700861ADA /* Track.swift */,
			);
			path = Model;
			sourceTree = "<group>";
		};
		9EB2FBFF29C1910700861ADA /* View */ = {
			isa = PBXGroup;
			children = (
				9EB2FBF729C1910700861ADA /* BaseView.swift */,
			);
			path = View;
			sourceTree = "<group>";
		};
/* End PBXGroup section */

/* Begin PBXNativeTarget section */
		9EB2FBD229C1910700861ADA /* iPlay (music player) */ = {
			isa = PBXNativeTarget;
			buildConfigurationList = 9EB2FBE729C1910700861ADA /* Build configuration list for PBXNativeTarget "iPlay (music player)" */;
			buildPhases = (
				9EB2FBCF29C1910700861ADA /* Sources */,
				9EB2FBD029C1910700861ADA /* Frameworks */,
				9EB2FBD129C1910700861ADA /* Resources */,
			);
			buildRules = (
			);
			dependencies = (
			);
			name = "iPlay (music player)";
			productName = "iPlay (music player)";
			productReference = 9EB2FBD329C1910700861ADA /* iPlay (music player).app */;
			productType = "com.apple.product-type.application";
		};
/* End PBXNativeTarget section */

/* Begin PBXProject section */
		9EB2FBCB29C1910700861ADA /* Project object */ = {
			isa = PBXProject;
			attributes = {
				BuildIndependentTargetsInParallel = 1;
				LastSwiftUpdateCheck = 1420;
				LastUpgradeCheck = 1420;
				TargetAttributes = {
					9EB2FBD229C1910700861ADA = {
						CreatedOnToolsVersion = 14.2;
					};
				};
			};
			buildConfigurationList = 9EB2FBCE29C1910700861ADA /* Build configuration list for PBXProject "iPlay (music player)" */;
			compatibilityVersion = "Xcode 14.0";
			developmentRegion = en;
			hasScannedForEncodings = 0;
			knownRegions = (
				en,
				Base,
			);
			mainGroup = 9EB2FBCA29C1910700861ADA;
			productRefGroup = 9EB2FBD429C1910700861ADA /* Products */;
			projectDirPath = "";
			projectRoot = "";
			targets = (
				9EB2FBD229C1910700861ADA /* iPlay (music player) */,
			);
		};
/* End PBXProject section */

/* Begin PBXResourcesBuildPhase section */
		9EB2FBD129C1910700861ADA /* Resources */ = {
			isa = PBXResourcesBuildPhase;
			buildActionMask = 2147483647;
			files = (
				9EB2FBED29C1910700861ADA /* The Rolling Stones - Paint It Black.mp3 in Resources */,
				9EB2FC0229C1910700861ADA /* .gitignore in Resources */,
				9EB2FBE329C1910700861ADA /* LaunchScreen.storyboard in Resources */,
				9EB2FBF129C1910700861ADA /* T. Rex - Get It On.mp3 in Resources */,
				9EB2FBE029C1910700861ADA /* Assets.xcassets in Resources */,
				9EB2FBEF29C1910700861ADA /* a-ha - Take On Me 2017 Acoustic.mp3 in Resources */,
				9EB2FBDE29C1910700861ADA /* Main.storyboard in Resources */,
			);
			runOnlyForDeploymentPostprocessing = 0;
		};
/* End PBXResourcesBuildPhase section */

/* Begin PBXSourcesBuildPhase section */
		9EB2FBCF29C1910700861ADA /* Sources */ = {
			isa = PBXSourcesBuildPhase;
			buildActionMask = 2147483647;
			files = (
				9E2AD75E29BF01660075C38D /* Audio.swift in Sources */,
				9EB2FBDB29C1910700861ADA /* TrackViewController.swift in Sources */,
				9E2AD76129BF21710075C38D /* UIView + extension.swift in Sources */,
				9EB2FBF629C1910700861ADA /* PlayerViewController.swift in Sources */,
				9EB2FBF829C1910700861ADA /* BaseView.swift in Sources */,
				9EB2FBFB29C1910700861ADA /* PlayerView.swift in Sources */,
				9EB2FBD729C1910700861ADA /* AppDelegate.swift in Sources */,
				9EB2FBD929C1910700861ADA /* SceneDelegate.swift in Sources */,
				9E2AD76329BF2E9C0075C38D /* String + extension.swift in Sources */,
				9EB2FBFE29C1910700861ADA /* Track.swift in Sources */,
			);
			runOnlyForDeploymentPostprocessing = 0;
		};
/* End PBXSourcesBuildPhase section */

/* Begin PBXVariantGroup section */
		9EB2FBDC29C1910700861ADA /* Main.storyboard */ = {
			isa = PBXVariantGroup;
			children = (
				9EB2FBDD29C1910700861ADA /* Base */,
			);
			name = Main.storyboard;
			sourceTree = "<group>";
		};
		9EB2FBE129C1910700861ADA /* LaunchScreen.storyboard */ = {
			isa = PBXVariantGroup;
			children = (
				9EB2FBE229C1910700861ADA /* Base */,
			);
			name = LaunchScreen.storyboard;
			sourceTree = "<group>";
		};
/* End PBXVariantGroup section */

/* Begin XCBuildConfiguration section */
		9EB2FBE529C1910700861ADA /* Debug */ = {
			isa = XCBuildConfiguration;
			buildSettings = {
				ALWAYS_SEARCH_USER_PATHS = NO;
				CLANG_ANALYZER_NONNULL = YES;
				CLANG_ANALYZER_NUMBER_OBJECT_CONVERSION = YES_AGGRESSIVE;
				CLANG_CXX_LANGUAGE_STANDARD = "gnu++20";
				CLANG_ENABLE_MODULES = YES;
				CLANG_ENABLE_OBJC_ARC = YES;
				CLANG_ENABLE_OBJC_WEAK = YES;
				CLANG_WARN_BLOCK_CAPTURE_AUTORELEASING = YES;
				CLANG_WARN_BOOL_CONVERSION = YES;
				CLANG_WARN_COMMA = YES;
				CLANG_WARN_CONSTANT_CONVERSION = YES;
				CLANG_WARN_DEPRECATED_OBJC_IMPLEMENTATIONS = YES;
				CLANG_WARN_DIRECT_OBJC_ISA_USAGE = YES_ERROR;
				CLANG_WARN_DOCUMENTATION_COMMENTS = YES;
				CLANG_WARN_EMPTY_BODY = YES;
				CLANG_WARN_ENUM_CONVERSION = YES;
				CLANG_WARN_INFINITE_RECURSION = YES;
				CLANG_WARN_INT_CONVERSION = YES;
				CLANG_WARN_NON_LITERAL_NULL_CONVERSION = YES;
				CLANG_WARN_OBJC_IMPLICIT_RETAIN_SELF = YES;
				CLANG_WARN_OBJC_LITERAL_CONVERSION = YES;
				CLANG_WARN_OBJC_ROOT_CLASS = YES_ERROR;
				CLANG_WARN_QUOTED_INCLUDE_IN_FRAMEWORK_HEADER = YES;
				CLANG_WARN_RANGE_LOOP_ANALYSIS = YES;
				CLANG_WARN_STRICT_PROTOTYPES = YES;
				CLANG_WARN_SUSPICIOUS_MOVE = YES;
				CLANG_WARN_UNGUARDED_AVAILABILITY = YES_AGGRESSIVE;
				CLANG_WARN_UNREACHABLE_CODE = YES;
				CLANG_WARN__DUPLICATE_METHOD_MATCH = YES;
				COPY_PHASE_STRIP = NO;
				DEBUG_INFORMATION_FORMAT = dwarf;
				ENABLE_STRICT_OBJC_MSGSEND = YES;
				ENABLE_TESTABILITY = YES;
				GCC_C_LANGUAGE_STANDARD = gnu11;
				GCC_DYNAMIC_NO_PIC = NO;
				GCC_NO_COMMON_BLOCKS = YES;
				GCC_OPTIMIZATION_LEVEL = 0;
				GCC_PREPROCESSOR_DEFINITIONS = (
					"DEBUG=1",
					"$(inherited)",
				);
				GCC_WARN_64_TO_32_BIT_CONVERSION = YES;
				GCC_WARN_ABOUT_RETURN_TYPE = YES_ERROR;
				GCC_WARN_UNDECLARED_SELECTOR = YES;
				GCC_WARN_UNINITIALIZED_AUTOS = YES_AGGRESSIVE;
				GCC_WARN_UNUSED_FUNCTION = YES;
				GCC_WARN_UNUSED_VARIABLE = YES;
				IPHONEOS_DEPLOYMENT_TARGET = 16.2;
				MTL_ENABLE_DEBUG_INFO = INCLUDE_SOURCE;
				MTL_FAST_MATH = YES;
				ONLY_ACTIVE_ARCH = YES;
				SDKROOT = iphoneos;
				SWIFT_ACTIVE_COMPILATION_CONDITIONS = DEBUG;
				SWIFT_OPTIMIZATION_LEVEL = "-Onone";
			};
			name = Debug;
		};
		9EB2FBE629C1910700861ADA /* Release */ = {
			isa = XCBuildConfiguration;
			buildSettings = {
				ALWAYS_SEARCH_USER_PATHS = NO;
				CLANG_ANALYZER_NONNULL = YES;
				CLANG_ANALYZER_NUMBER_OBJECT_CONVERSION = YES_AGGRESSIVE;
				CLANG_CXX_LANGUAGE_STANDARD = "gnu++20";
				CLANG_ENABLE_MODULES = YES;
				CLANG_ENABLE_OBJC_ARC = YES;
				CLANG_ENABLE_OBJC_WEAK = YES;
				CLANG_WARN_BLOCK_CAPTURE_AUTORELEASING = YES;
				CLANG_WARN_BOOL_CONVERSION = YES;
				CLANG_WARN_COMMA = YES;
				CLANG_WARN_CONSTANT_CONVERSION = YES;
				CLANG_WARN_DEPRECATED_OBJC_IMPLEMENTATIONS = YES;
				CLANG_WARN_DIRECT_OBJC_ISA_USAGE = YES_ERROR;
				CLANG_WARN_DOCUMENTATION_COMMENTS = YES;
				CLANG_WARN_EMPTY_BODY = YES;
				CLANG_WARN_ENUM_CONVERSION = YES;
				CLANG_WARN_INFINITE_RECURSION = YES;
				CLANG_WARN_INT_CONVERSION = YES;
				CLANG_WARN_NON_LITERAL_NULL_CONVERSION = YES;
				CLANG_WARN_OBJC_IMPLICIT_RETAIN_SELF = YES;
				CLANG_WARN_OBJC_LITERAL_CONVERSION = YES;
				CLANG_WARN_OBJC_ROOT_CLASS = YES_ERROR;
				CLANG_WARN_QUOTED_INCLUDE_IN_FRAMEWORK_HEADER = YES;
				CLANG_WARN_RANGE_LOOP_ANALYSIS = YES;
				CLANG_WARN_STRICT_PROTOTYPES = YES;
				CLANG_WARN_SUSPICIOUS_MOVE = YES;
				CLANG_WARN_UNGUARDED_AVAILABILITY = YES_AGGRESSIVE;
				CLANG_WARN_UNREACHABLE_CODE = YES;
				CLANG_WARN__DUPLICATE_METHOD_MATCH = YES;
				COPY_PHASE_STRIP = NO;
				DEBUG_INFORMATION_FORMAT = "dwarf-with-dsym";
				ENABLE_NS_ASSERTIONS = NO;
				ENABLE_STRICT_OBJC_MSGSEND = YES;
				GCC_C_LANGUAGE_STANDARD = gnu11;
				GCC_NO_COMMON_BLOCKS = YES;
				GCC_WARN_64_TO_32_BIT_CONVERSION = YES;
				GCC_WARN_ABOUT_RETURN_TYPE = YES_ERROR;
				GCC_WARN_UNDECLARED_SELECTOR = YES;
				GCC_WARN_UNINITIALIZED_AUTOS = YES_AGGRESSIVE;
				GCC_WARN_UNUSED_FUNCTION = YES;
				GCC_WARN_UNUSED_VARIABLE = YES;
				IPHONEOS_DEPLOYMENT_TARGET = 16.2;
				MTL_ENABLE_DEBUG_INFO = NO;
				MTL_FAST_MATH = YES;
				SDKROOT = iphoneos;
				SWIFT_COMPILATION_MODE = wholemodule;
				SWIFT_OPTIMIZATION_LEVEL = "-O";
				VALIDATE_PRODUCT = YES;
			};
			name = Release;
		};
		9EB2FBE829C1910700861ADA /* Debug */ = {
			isa = XCBuildConfiguration;
			buildSettings = {
				ASSETCATALOG_COMPILER_APPICON_NAME = AppIcon;
				ASSETCATALOG_COMPILER_GLOBAL_ACCENT_COLOR_NAME = AccentColor;
				CODE_SIGN_STYLE = Automatic;
				CURRENT_PROJECT_VERSION = 1;
				DEVELOPMENT_TEAM = 52V9YXPJQB;
				GENERATE_INFOPLIST_FILE = YES;
				INFOPLIST_FILE = "iPlay (music player)/Info.plist";
				INFOPLIST_KEY_UIApplicationSupportsIndirectInputEvents = YES;
				INFOPLIST_KEY_UILaunchStoryboardName = LaunchScreen;
				INFOPLIST_KEY_UIMainStoryboardFile = Main;
				INFOPLIST_KEY_UISupportedInterfaceOrientations = UIInterfaceOrientationPortrait;
				INFOPLIST_KEY_UISupportedInterfaceOrientations_iPad = "UIInterfaceOrientationLandscapeLeft UIInterfaceOrientationLandscapeRight UIInterfaceOrientationPortrait UIInterfaceOrientationPortraitUpsideDown";
				IPHONEOS_DEPLOYMENT_TARGET = 16.0;
				LD_RUNPATH_SEARCH_PATHS = (
					"$(inherited)",
					"@executable_path/Frameworks",
				);
				MARKETING_VERSION = 1.0;
				PRODUCT_BUNDLE_IDENTIFIER = "prokodan.iPlay--music-player-";
				PRODUCT_NAME = "$(TARGET_NAME)";
				SUPPORTED_PLATFORMS = "iphoneos iphonesimulator";
				SUPPORTS_MACCATALYST = NO;
				SUPPORTS_MAC_DESIGNED_FOR_IPHONE_IPAD = NO;
				SWIFT_EMIT_LOC_STRINGS = YES;
				SWIFT_VERSION = 5.0;
				TARGETED_DEVICE_FAMILY = 1;
			};
			name = Debug;
		};
		9EB2FBE929C1910700861ADA /* Release */ = {
			isa = XCBuildConfiguration;
			buildSettings = {
				ASSETCATALOG_COMPILER_APPICON_NAME = AppIcon;
				ASSETCATALOG_COMPILER_GLOBAL_ACCENT_COLOR_NAME = AccentColor;
				CODE_SIGN_STYLE = Automatic;
				CURRENT_PROJECT_VERSION = 1;
				DEVELOPMENT_TEAM = 52V9YXPJQB;
				GENERATE_INFOPLIST_FILE = YES;
				INFOPLIST_FILE = "iPlay (music player)/Info.plist";
				INFOPLIST_KEY_UIApplicationSupportsIndirectInputEvents = YES;
				INFOPLIST_KEY_UILaunchStoryboardName = LaunchScreen;
				INFOPLIST_KEY_UIMainStoryboardFile = Main;
				INFOPLIST_KEY_UISupportedInterfaceOrientations = UIInterfaceOrientationPortrait;
				INFOPLIST_KEY_UISupportedInterfaceOrientations_iPad = "UIInterfaceOrientationLandscapeLeft UIInterfaceOrientationLandscapeRight UIInterfaceOrientationPortrait UIInterfaceOrientationPortraitUpsideDown";
				IPHONEOS_DEPLOYMENT_TARGET = 16.0;
				LD_RUNPATH_SEARCH_PATHS = (
					"$(inherited)",
					"@executable_path/Frameworks",
				);
				MARKETING_VERSION = 1.0;
				PRODUCT_BUNDLE_IDENTIFIER = "prokodan.iPlay--music-player-";
				PRODUCT_NAME = "$(TARGET_NAME)";
				SUPPORTED_PLATFORMS = "iphoneos iphonesimulator";
				SUPPORTS_MACCATALYST = NO;
				SUPPORTS_MAC_DESIGNED_FOR_IPHONE_IPAD = NO;
				SWIFT_EMIT_LOC_STRINGS = YES;
				SWIFT_VERSION = 5.0;
				TARGETED_DEVICE_FAMILY = 1;
			};
			name = Release;
		};
/* End XCBuildConfiguration section */

/* Begin XCConfigurationList section */
		9EB2FBCE29C1910700861ADA /* Build configuration list for PBXProject "iPlay (music player)" */ = {
			isa = XCConfigurationList;
			buildConfigurations = (
				9EB2FBE529C1910700861ADA /* Debug */,
				9EB2FBE629C1910700861ADA /* Release */,
			);
			defaultConfigurationIsVisible = 0;
			defaultConfigurationName = Release;
		};
		9EB2FBE729C1910700861ADA /* Build configuration list for PBXNativeTarget "iPlay (music player)" */ = {
			isa = XCConfigurationList;
			buildConfigurations = (
				9EB2FBE829C1910700861ADA /* Debug */,
				9EB2FBE929C1910700861ADA /* Release */,
			);
			defaultConfigurationIsVisible = 0;
			defaultConfigurationName = Release;
		};
/* End XCConfigurationList section */
	};
	rootObject = 9EB2FBCB29C1910700861ADA /* Project object */;
}
